// !$*UTF8*$!
{
	archiveVersion = 1;
	classes = {
	};
	objectVersion = 56;
	objects = {

/* Begin PBXBuildFile section */
		028CB8020CAF0C633B42A6CF /* Pods_Thoughts.framework in Frameworks */ = {isa = PBXBuildFile; fileRef = 55CEB697572F8943C08C3930 /* Pods_Thoughts.framework */; };
		5841D0382AB1C08900D21A2B /* AppDelegate.swift in Sources */ = {isa = PBXBuildFile; fileRef = 5841D0372AB1C08900D21A2B /* AppDelegate.swift */; };
		5841D03A2AB1C08900D21A2B /* SceneDelegate.swift in Sources */ = {isa = PBXBuildFile; fileRef = 5841D0392AB1C08900D21A2B /* SceneDelegate.swift */; };
		5841D03C2AB1C08900D21A2B /* HomeViewController.swift in Sources */ = {isa = PBXBuildFile; fileRef = 5841D03B2AB1C08900D21A2B /* HomeViewController.swift */; };
		5841D03F2AB1C08900D21A2B /* Main.storyboard in Resources */ = {isa = PBXBuildFile; fileRef = 5841D03D2AB1C08900D21A2B /* Main.storyboard */; };
		5841D0412AB1C08B00D21A2B /* Assets.xcassets in Resources */ = {isa = PBXBuildFile; fileRef = 5841D0402AB1C08B00D21A2B /* Assets.xcassets */; };
		5841D0442AB1C08B00D21A2B /* LaunchScreen.storyboard in Resources */ = {isa = PBXBuildFile; fileRef = 5841D0422AB1C08B00D21A2B /* LaunchScreen.storyboard */; };
		5841D0512AB1D3C000D21A2B /* ProfileViewController.swift in Sources */ = {isa = PBXBuildFile; fileRef = 5841D0502AB1D3C000D21A2B /* ProfileViewController.swift */; };
		5841D0532AB1D42F00D21A2B /* TabBarViewController.swift in Sources */ = {isa = PBXBuildFile; fileRef = 5841D0522AB1D42F00D21A2B /* TabBarViewController.swift */; };
		5841D0552AB1D45F00D21A2B /* SignInViewController.swift in Sources */ = {isa = PBXBuildFile; fileRef = 5841D0542AB1D45F00D21A2B /* SignInViewController.swift */; };
		5841D0572AB1D46800D21A2B /* SignUpViewController.swift in Sources */ = {isa = PBXBuildFile; fileRef = 5841D0562AB1D46800D21A2B /* SignUpViewController.swift */; };
		5841D0592AB1D60700D21A2B /* ViewPostViewController.swift in Sources */ = {isa = PBXBuildFile; fileRef = 5841D0582AB1D60700D21A2B /* ViewPostViewController.swift */; };
		5841D05B2AB1D61700D21A2B /* CreateNewPostViewController.swift in Sources */ = {isa = PBXBuildFile; fileRef = 5841D05A2AB1D61700D21A2B /* CreateNewPostViewController.swift */; };
		5841D05D2AB1D68100D21A2B /* IAPManager.swift in Sources */ = {isa = PBXBuildFile; fileRef = 5841D05C2AB1D68100D21A2B /* IAPManager.swift */; };
		5841D05F2AB1D68B00D21A2B /* DatabaseManager.swift in Sources */ = {isa = PBXBuildFile; fileRef = 5841D05E2AB1D68B00D21A2B /* DatabaseManager.swift */; };
		5841D0612AB1D69300D21A2B /* AuthManager.swift in Sources */ = {isa = PBXBuildFile; fileRef = 5841D0602AB1D69300D21A2B /* AuthManager.swift */; };
		5841D0632AB1D6A200D21A2B /* StorageManager.swift in Sources */ = {isa = PBXBuildFile; fileRef = 5841D0622AB1D6A200D21A2B /* StorageManager.swift */; };
/* End PBXBuildFile section */

/* Begin PBXFileReference section */
		47524D85E1C1244FF95D92C1 /* Pods-Thoughts.release.xcconfig */ = {isa = PBXFileReference; includeInIndex = 1; lastKnownFileType = text.xcconfig; name = "Pods-Thoughts.release.xcconfig"; path = "Target Support Files/Pods-Thoughts/Pods-Thoughts.release.xcconfig"; sourceTree = "<group>"; };
		55CEB697572F8943C08C3930 /* Pods_Thoughts.framework */ = {isa = PBXFileReference; explicitFileType = wrapper.framework; includeInIndex = 0; path = Pods_Thoughts.framework; sourceTree = BUILT_PRODUCTS_DIR; };
		5841D0342AB1C08900D21A2B /* Thoughts.app */ = {isa = PBXFileReference; explicitFileType = wrapper.application; includeInIndex = 0; path = Thoughts.app; sourceTree = BUILT_PRODUCTS_DIR; };
		5841D0372AB1C08900D21A2B /* AppDelegate.swift */ = {isa = PBXFileReference; lastKnownFileType = sourcecode.swift; path = AppDelegate.swift; sourceTree = "<group>"; };
		5841D0392AB1C08900D21A2B /* SceneDelegate.swift */ = {isa = PBXFileReference; lastKnownFileType = sourcecode.swift; path = SceneDelegate.swift; sourceTree = "<group>"; };
		5841D03B2AB1C08900D21A2B /* HomeViewController.swift */ = {isa = PBXFileReference; lastKnownFileType = sourcecode.swift; path = HomeViewController.swift; sourceTree = "<group>"; };
		5841D03E2AB1C08900D21A2B /* Base */ = {isa = PBXFileReference; lastKnownFileType = file.storyboard; name = Base; path = Base.lproj/Main.storyboard; sourceTree = "<group>"; };
		5841D0402AB1C08B00D21A2B /* Assets.xcassets */ = {isa = PBXFileReference; lastKnownFileType = folder.assetcatalog; path = Assets.xcassets; sourceTree = "<group>"; };
		5841D0432AB1C08B00D21A2B /* Base */ = {isa = PBXFileReference; lastKnownFileType = file.storyboard; name = Base; path = Base.lproj/LaunchScreen.storyboard; sourceTree = "<group>"; };
		5841D0452AB1C08B00D21A2B /* Info.plist */ = {isa = PBXFileReference; lastKnownFileType = text.plist.xml; path = Info.plist; sourceTree = "<group>"; };
		5841D0502AB1D3C000D21A2B /* ProfileViewController.swift */ = {isa = PBXFileReference; lastKnownFileType = sourcecode.swift; path = ProfileViewController.swift; sourceTree = "<group>"; };
		5841D0522AB1D42F00D21A2B /* TabBarViewController.swift */ = {isa = PBXFileReference; lastKnownFileType = sourcecode.swift; path = TabBarViewController.swift; sourceTree = "<group>"; };
		5841D0542AB1D45F00D21A2B /* SignInViewController.swift */ = {isa = PBXFileReference; lastKnownFileType = sourcecode.swift; path = SignInViewController.swift; sourceTree = "<group>"; };
		5841D0562AB1D46800D21A2B /* SignUpViewController.swift */ = {isa = PBXFileReference; lastKnownFileType = sourcecode.swift; path = SignUpViewController.swift; sourceTree = "<group>"; };
		5841D0582AB1D60700D21A2B /* ViewPostViewController.swift */ = {isa = PBXFileReference; lastKnownFileType = sourcecode.swift; path = ViewPostViewController.swift; sourceTree = "<group>"; };
		5841D05A2AB1D61700D21A2B /* CreateNewPostViewController.swift */ = {isa = PBXFileReference; lastKnownFileType = sourcecode.swift; path = CreateNewPostViewController.swift; sourceTree = "<group>"; };
		5841D05C2AB1D68100D21A2B /* IAPManager.swift */ = {isa = PBXFileReference; lastKnownFileType = sourcecode.swift; path = IAPManager.swift; sourceTree = "<group>"; };
		5841D05E2AB1D68B00D21A2B /* DatabaseManager.swift */ = {isa = PBXFileReference; lastKnownFileType = sourcecode.swift; path = DatabaseManager.swift; sourceTree = "<group>"; };
		5841D0602AB1D69300D21A2B /* AuthManager.swift */ = {isa = PBXFileReference; lastKnownFileType = sourcecode.swift; path = AuthManager.swift; sourceTree = "<group>"; };
		5841D0622AB1D6A200D21A2B /* StorageManager.swift */ = {isa = PBXFileReference; lastKnownFileType = sourcecode.swift; path = StorageManager.swift; sourceTree = "<group>"; };
		5E6A7F40697F15EC309FF086 /* Pods-Thoughts.debug.xcconfig */ = {isa = PBXFileReference; includeInIndex = 1; lastKnownFileType = text.xcconfig; name = "Pods-Thoughts.debug.xcconfig"; path = "Target Support Files/Pods-Thoughts/Pods-Thoughts.debug.xcconfig"; sourceTree = "<group>"; };
/* End PBXFileReference section */

/* Begin PBXFrameworksBuildPhase section */
		5841D0312AB1C08900D21A2B /* Frameworks */ = {
			isa = PBXFrameworksBuildPhase;
			buildActionMask = 2147483647;
			files = (
				028CB8020CAF0C633B42A6CF /* Pods_Thoughts.framework in Frameworks */,
			);
			runOnlyForDeploymentPostprocessing = 0;
		};
/* End PBXFrameworksBuildPhase section */

/* Begin PBXGroup section */
		2FF0628CC1FB69D75D451F9D /* Frameworks */ = {
			isa = PBXGroup;
			children = (
				55CEB697572F8943C08C3930 /* Pods_Thoughts.framework */,
			);
			name = Frameworks;
			sourceTree = "<group>";
		};
		4EAB2D1EC0FD45DF8500DFD7 /* Pods */ = {
			isa = PBXGroup;
			children = (
				5E6A7F40697F15EC309FF086 /* Pods-Thoughts.debug.xcconfig */,
				47524D85E1C1244FF95D92C1 /* Pods-Thoughts.release.xcconfig */,
			);
			name = Pods;
			path = Pods;
			sourceTree = "<group>";
		};
		5841D02B2AB1C08900D21A2B = {
			isa = PBXGroup;
			children = (
				5841D0362AB1C08900D21A2B /* Thoughts */,
				5841D0352AB1C08900D21A2B /* Products */,
				4EAB2D1EC0FD45DF8500DFD7 /* Pods */,
				2FF0628CC1FB69D75D451F9D /* Frameworks */,
			);
			sourceTree = "<group>";
		};
		5841D0352AB1C08900D21A2B /* Products */ = {
			isa = PBXGroup;
			children = (
				5841D0342AB1C08900D21A2B /* Thoughts.app */,
			);
			name = Products;
			sourceTree = "<group>";
		};
		5841D0362AB1C08900D21A2B /* Thoughts */ = {
			isa = PBXGroup;
			children = (
				5841D04F2AB1D36100D21A2B /* Other */,
				5841D04E2AB1D35900D21A2B /* Managers */,
				5841D04D2AB1D35200D21A2B /* Controllers */,
				5841D04C2AB1D34900D21A2B /* Views */,
				5841D04B2AB1D34200D21A2B /* Models */,
				5841D03D2AB1C08900D21A2B /* Main.storyboard */,
				5841D0402AB1C08B00D21A2B /* Assets.xcassets */,
				5841D0422AB1C08B00D21A2B /* LaunchScreen.storyboard */,
				5841D0452AB1C08B00D21A2B /* Info.plist */,
			);
			path = Thoughts;
			sourceTree = "<group>";
		};
		5841D04B2AB1D34200D21A2B /* Models */ = {
			isa = PBXGroup;
			children = (
			);
			path = Models;
			sourceTree = "<group>";
		};
		5841D04C2AB1D34900D21A2B /* Views */ = {
			isa = PBXGroup;
			children = (
			);
			path = Views;
			sourceTree = "<group>";
		};
		5841D04D2AB1D35200D21A2B /* Controllers */ = {
			isa = PBXGroup;
			children = (
				5841D03B2AB1C08900D21A2B /* HomeViewController.swift */,
				5841D0502AB1D3C000D21A2B /* ProfileViewController.swift */,
				5841D0522AB1D42F00D21A2B /* TabBarViewController.swift */,
				5841D0542AB1D45F00D21A2B /* SignInViewController.swift */,
				5841D0562AB1D46800D21A2B /* SignUpViewController.swift */,
				5841D0582AB1D60700D21A2B /* ViewPostViewController.swift */,
				5841D05A2AB1D61700D21A2B /* CreateNewPostViewController.swift */,
			);
			path = Controllers;
			sourceTree = "<group>";
		};
		5841D04E2AB1D35900D21A2B /* Managers */ = {
			isa = PBXGroup;
			children = (
				5841D05C2AB1D68100D21A2B /* IAPManager.swift */,
				5841D05E2AB1D68B00D21A2B /* DatabaseManager.swift */,
				5841D0602AB1D69300D21A2B /* AuthManager.swift */,
				5841D0622AB1D6A200D21A2B /* StorageManager.swift */,
			);
			path = Managers;
			sourceTree = "<group>";
		};
		5841D04F2AB1D36100D21A2B /* Other */ = {
			isa = PBXGroup;
			children = (
				5841D0372AB1C08900D21A2B /* AppDelegate.swift */,
				5841D0392AB1C08900D21A2B /* SceneDelegate.swift */,
			);
			path = Other;
			sourceTree = "<group>";
		};
/* End PBXGroup section */

/* Begin PBXNativeTarget section */
		5841D0332AB1C08900D21A2B /* Thoughts */ = {
			isa = PBXNativeTarget;
			buildConfigurationList = 5841D0482AB1C08B00D21A2B /* Build configuration list for PBXNativeTarget "Thoughts" */;
			buildPhases = (
				72AA9961C3AB49C69521323D /* [CP] Check Pods Manifest.lock */,
				5841D0302AB1C08900D21A2B /* Sources */,
				5841D0312AB1C08900D21A2B /* Frameworks */,
				5841D0322AB1C08900D21A2B /* Resources */,
				2B2243F39ECE2B60683AE21B /* [CP] Embed Pods Frameworks */,
			);
			buildRules = (
			);
			dependencies = (
			);
			name = Thoughts;
			productName = Thoughts;
			productReference = 5841D0342AB1C08900D21A2B /* Thoughts.app */;
			productType = "com.apple.product-type.application";
		};
/* End PBXNativeTarget section */

/* Begin PBXProject section */
		5841D02C2AB1C08900D21A2B /* Project object */ = {
			isa = PBXProject;
			attributes = {
				BuildIndependentTargetsInParallel = 1;
				LastSwiftUpdateCheck = 1430;
				LastUpgradeCheck = 1430;
				TargetAttributes = {
					5841D0332AB1C08900D21A2B = {
						CreatedOnToolsVersion = 14.3.1;
					};
				};
			};
			buildConfigurationList = 5841D02F2AB1C08900D21A2B /* Build configuration list for PBXProject "Thoughts" */;
			compatibilityVersion = "Xcode 14.0";
			developmentRegion = en;
			hasScannedForEncodings = 0;
			knownRegions = (
				en,
				Base,
			);
			mainGroup = 5841D02B2AB1C08900D21A2B;
			productRefGroup = 5841D0352AB1C08900D21A2B /* Products */;
			projectDirPath = "";
			projectRoot = "";
			targets = (
				5841D0332AB1C08900D21A2B /* Thoughts */,
			);
		};
/* End PBXProject section */

/* Begin PBXResourcesBuildPhase section */
		5841D0322AB1C08900D21A2B /* Resources */ = {
			isa = PBXResourcesBuildPhase;
			buildActionMask = 2147483647;
			files = (
				5841D0442AB1C08B00D21A2B /* LaunchScreen.storyboard in Resources */,
				5841D0412AB1C08B00D21A2B /* Assets.xcassets in Resources */,
				5841D03F2AB1C08900D21A2B /* Main.storyboard in Resources */,
			);
			runOnlyForDeploymentPostprocessing = 0;
		};
/* End PBXResourcesBuildPhase section */

/* Begin PBXShellScriptBuildPhase section */
		2B2243F39ECE2B60683AE21B /* [CP] Embed Pods Frameworks */ = {
			isa = PBXShellScriptBuildPhase;
			buildActionMask = 2147483647;
			files = (
			);
			inputFileListPaths = (
				"${PODS_ROOT}/Target Support Files/Pods-Thoughts/Pods-Thoughts-frameworks-${CONFIGURATION}-input-files.xcfilelist",
			);
			name = "[CP] Embed Pods Frameworks";
			outputFileListPaths = (
				"${PODS_ROOT}/Target Support Files/Pods-Thoughts/Pods-Thoughts-frameworks-${CONFIGURATION}-output-files.xcfilelist",
			);
			runOnlyForDeploymentPostprocessing = 0;
			shellPath = /bin/sh;
			shellScript = "\"${PODS_ROOT}/Target Support Files/Pods-Thoughts/Pods-Thoughts-frameworks.sh\"\n";
			showEnvVarsInLog = 0;
		};
		72AA9961C3AB49C69521323D /* [CP] Check Pods Manifest.lock */ = {
			isa = PBXShellScriptBuildPhase;
			buildActionMask = 2147483647;
			files = (
			);
			inputFileListPaths = (
			);
			inputPaths = (
				"${PODS_PODFILE_DIR_PATH}/Podfile.lock",
				"${PODS_ROOT}/Manifest.lock",
			);
			name = "[CP] Check Pods Manifest.lock";
			outputFileListPaths = (
			);
			outputPaths = (
				"$(DERIVED_FILE_DIR)/Pods-Thoughts-checkManifestLockResult.txt",
			);
			runOnlyForDeploymentPostprocessing = 0;
			shellPath = /bin/sh;
			shellScript = "diff \"${PODS_PODFILE_DIR_PATH}/Podfile.lock\" \"${PODS_ROOT}/Manifest.lock\" > /dev/null\nif [ $? != 0 ] ; then\n    # print error to STDERR\n    echo \"error: The sandbox is not in sync with the Podfile.lock. Run 'pod install' or update your CocoaPods installation.\" >&2\n    exit 1\nfi\n# This output is used by Xcode 'outputs' to avoid re-running this script phase.\necho \"SUCCESS\" > \"${SCRIPT_OUTPUT_FILE_0}\"\n";
			showEnvVarsInLog = 0;
		};
/* End PBXShellScriptBuildPhase section */

/* Begin PBXSourcesBuildPhase section */
		5841D0302AB1C08900D21A2B /* Sources */ = {
			isa = PBXSourcesBuildPhase;
			buildActionMask = 2147483647;
			files = (
				5841D03C2AB1C08900D21A2B /* HomeViewController.swift in Sources */,
				5841D0612AB1D69300D21A2B /* AuthManager.swift in Sources */,
				5841D05F2AB1D68B00D21A2B /* DatabaseManager.swift in Sources */,
				5841D0572AB1D46800D21A2B /* SignUpViewController.swift in Sources */,
				5841D0382AB1C08900D21A2B /* AppDelegate.swift in Sources */,
				5841D0552AB1D45F00D21A2B /* SignInViewController.swift in Sources */,
				5841D0512AB1D3C000D21A2B /* ProfileViewController.swift in Sources */,
				5841D05B2AB1D61700D21A2B /* CreateNewPostViewController.swift in Sources */,
				5841D05D2AB1D68100D21A2B /* IAPManager.swift in Sources */,
				5841D0532AB1D42F00D21A2B /* TabBarViewController.swift in Sources */,
				5841D03A2AB1C08900D21A2B /* SceneDelegate.swift in Sources */,
				5841D0592AB1D60700D21A2B /* ViewPostViewController.swift in Sources */,
				5841D0632AB1D6A200D21A2B /* StorageManager.swift in Sources */,
			);
			runOnlyForDeploymentPostprocessing = 0;
		};
/* End PBXSourcesBuildPhase section */

/* Begin PBXVariantGroup section */
		5841D03D2AB1C08900D21A2B /* Main.storyboard */ = {
			isa = PBXVariantGroup;
			children = (
				5841D03E2AB1C08900D21A2B /* Base */,
			);
			name = Main.storyboard;
			sourceTree = "<group>";
		};
		5841D0422AB1C08B00D21A2B /* LaunchScreen.storyboard */ = {
			isa = PBXVariantGroup;
			children = (
				5841D0432AB1C08B00D21A2B /* Base */,
			);
			name = LaunchScreen.storyboard;
			sourceTree = "<group>";
		};
/* End PBXVariantGroup section */

/* Begin XCBuildConfiguration section */
		5841D0462AB1C08B00D21A2B /* Debug */ = {
			isa = XCBuildConfiguration;
			buildSettings = {
				ALWAYS_SEARCH_USER_PATHS = NO;
				CLANG_ANALYZER_NONNULL = YES;
				CLANG_ANALYZER_NUMBER_OBJECT_CONVERSION = YES_AGGRESSIVE;
				CLANG_CXX_LANGUAGE_STANDARD = "gnu++20";
				CLANG_ENABLE_MODULES = YES;
				CLANG_ENABLE_OBJC_ARC = YES;
				CLANG_ENABLE_OBJC_WEAK = YES;
				CLANG_WARN_BLOCK_CAPTURE_AUTORELEASING = YES;
				CLANG_WARN_BOOL_CONVERSION = YES;
				CLANG_WARN_COMMA = YES;
				CLANG_WARN_CONSTANT_CONVERSION = YES;
				CLANG_WARN_DEPRECATED_OBJC_IMPLEMENTATIONS = YES;
				CLANG_WARN_DIRECT_OBJC_ISA_USAGE = YES_ERROR;
				CLANG_WARN_DOCUMENTATION_COMMENTS = YES;
				CLANG_WARN_EMPTY_BODY = YES;
				CLANG_WARN_ENUM_CONVERSION = YES;
				CLANG_WARN_INFINITE_RECURSION = YES;
				CLANG_WARN_INT_CONVERSION = YES;
				CLANG_WARN_NON_LITERAL_NULL_CONVERSION = YES;
				CLANG_WARN_OBJC_IMPLICIT_RETAIN_SELF = YES;
				CLANG_WARN_OBJC_LITERAL_CONVERSION = YES;
				CLANG_WARN_OBJC_ROOT_CLASS = YES_ERROR;
				CLANG_WARN_QUOTED_INCLUDE_IN_FRAMEWORK_HEADER = YES;
				CLANG_WARN_RANGE_LOOP_ANALYSIS = YES;
				CLANG_WARN_STRICT_PROTOTYPES = YES;
				CLANG_WARN_SUSPICIOUS_MOVE = YES;
				CLANG_WARN_UNGUARDED_AVAILABILITY = YES_AGGRESSIVE;
				CLANG_WARN_UNREACHABLE_CODE = YES;
				CLANG_WARN__DUPLICATE_METHOD_MATCH = YES;
				COPY_PHASE_STRIP = NO;
				DEBUG_INFORMATION_FORMAT = dwarf;
				ENABLE_STRICT_OBJC_MSGSEND = YES;
				ENABLE_TESTABILITY = YES;
				GCC_C_LANGUAGE_STANDARD = gnu11;
				GCC_DYNAMIC_NO_PIC = NO;
				GCC_NO_COMMON_BLOCKS = YES;
				GCC_OPTIMIZATION_LEVEL = 0;
				GCC_PREPROCESSOR_DEFINITIONS = (
					"DEBUG=1",
					"$(inherited)",
				);
				GCC_WARN_64_TO_32_BIT_CONVERSION = YES;
				GCC_WARN_ABOUT_RETURN_TYPE = YES_ERROR;
				GCC_WARN_UNDECLARED_SELECTOR = YES;
				GCC_WARN_UNINITIALIZED_AUTOS = YES_AGGRESSIVE;
				GCC_WARN_UNUSED_FUNCTION = YES;
				GCC_WARN_UNUSED_VARIABLE = YES;
				IPHONEOS_DEPLOYMENT_TARGET = 16.4;
				MTL_ENABLE_DEBUG_INFO = INCLUDE_SOURCE;
				MTL_FAST_MATH = YES;
				ONLY_ACTIVE_ARCH = YES;
				SDKROOT = iphoneos;
				SWIFT_ACTIVE_COMPILATION_CONDITIONS = DEBUG;
				SWIFT_OPTIMIZATION_LEVEL = "-Onone";
			};
			name = Debug;
		};
		5841D0472AB1C08B00D21A2B /* Release */ = {
			isa = XCBuildConfiguration;
			buildSettings = {
				ALWAYS_SEARCH_USER_PATHS = NO;
				CLANG_ANALYZER_NONNULL = YES;
				CLANG_ANALYZER_NUMBER_OBJECT_CONVERSION = YES_AGGRESSIVE;
				CLANG_CXX_LANGUAGE_STANDARD = "gnu++20";
				CLANG_ENABLE_MODULES = YES;
				CLANG_ENABLE_OBJC_ARC = YES;
				CLANG_ENABLE_OBJC_WEAK = YES;
				CLANG_WARN_BLOCK_CAPTURE_AUTORELEASING = YES;
				CLANG_WARN_BOOL_CONVERSION = YES;
				CLANG_WARN_COMMA = YES;
				CLANG_WARN_CONSTANT_CONVERSION = YES;
				CLANG_WARN_DEPRECATED_OBJC_IMPLEMENTATIONS = YES;
				CLANG_WARN_DIRECT_OBJC_ISA_USAGE = YES_ERROR;
				CLANG_WARN_DOCUMENTATION_COMMENTS = YES;
				CLANG_WARN_EMPTY_BODY = YES;
				CLANG_WARN_ENUM_CONVERSION = YES;
				CLANG_WARN_INFINITE_RECURSION = YES;
				CLANG_WARN_INT_CONVERSION = YES;
				CLANG_WARN_NON_LITERAL_NULL_CONVERSION = YES;
				CLANG_WARN_OBJC_IMPLICIT_RETAIN_SELF = YES;
				CLANG_WARN_OBJC_LITERAL_CONVERSION = YES;
				CLANG_WARN_OBJC_ROOT_CLASS = YES_ERROR;
				CLANG_WARN_QUOTED_INCLUDE_IN_FRAMEWORK_HEADER = YES;
				CLANG_WARN_RANGE_LOOP_ANALYSIS = YES;
				CLANG_WARN_STRICT_PROTOTYPES = YES;
				CLANG_WARN_SUSPICIOUS_MOVE = YES;
				CLANG_WARN_UNGUARDED_AVAILABILITY = YES_AGGRESSIVE;
				CLANG_WARN_UNREACHABLE_CODE = YES;
				CLANG_WARN__DUPLICATE_METHOD_MATCH = YES;
				COPY_PHASE_STRIP = NO;
				DEBUG_INFORMATION_FORMAT = "dwarf-with-dsym";
				ENABLE_NS_ASSERTIONS = NO;
				ENABLE_STRICT_OBJC_MSGSEND = YES;
				GCC_C_LANGUAGE_STANDARD = gnu11;
				GCC_NO_COMMON_BLOCKS = YES;
				GCC_WARN_64_TO_32_BIT_CONVERSION = YES;
				GCC_WARN_ABOUT_RETURN_TYPE = YES_ERROR;
				GCC_WARN_UNDECLARED_SELECTOR = YES;
				GCC_WARN_UNINITIALIZED_AUTOS = YES_AGGRESSIVE;
				GCC_WARN_UNUSED_FUNCTION = YES;
				GCC_WARN_UNUSED_VARIABLE = YES;
				IPHONEOS_DEPLOYMENT_TARGET = 16.4;
				MTL_ENABLE_DEBUG_INFO = NO;
				MTL_FAST_MATH = YES;
				SDKROOT = iphoneos;
				SWIFT_COMPILATION_MODE = wholemodule;
				SWIFT_OPTIMIZATION_LEVEL = "-O";
				VALIDATE_PRODUCT = YES;
			};
			name = Release;
		};
		5841D0492AB1C08B00D21A2B /* Debug */ = {
			isa = XCBuildConfiguration;
			baseConfigurationReference = 5E6A7F40697F15EC309FF086 /* Pods-Thoughts.debug.xcconfig */;
			buildSettings = {
				ASSETCATALOG_COMPILER_APPICON_NAME = AppIcon;
				ASSETCATALOG_COMPILER_GLOBAL_ACCENT_COLOR_NAME = AccentColor;
				CODE_SIGN_STYLE = Automatic;
				CURRENT_PROJECT_VERSION = 1;
				DEVELOPMENT_TEAM = L5N89ZQYBM;
				GENERATE_INFOPLIST_FILE = YES;
				INFOPLIST_FILE = Thoughts/Info.plist;
				INFOPLIST_KEY_UIApplicationSupportsIndirectInputEvents = YES;
				INFOPLIST_KEY_UILaunchStoryboardName = LaunchScreen;
				INFOPLIST_KEY_UIMainStoryboardFile = Main;
				INFOPLIST_KEY_UISupportedInterfaceOrientations_iPad = "UIInterfaceOrientationPortrait UIInterfaceOrientationPortraitUpsideDown UIInterfaceOrientationLandscapeLeft UIInterfaceOrientationLandscapeRight";
				INFOPLIST_KEY_UISupportedInterfaceOrientations_iPhone = "UIInterfaceOrientationPortrait UIInterfaceOrientationLandscapeLeft UIInterfaceOrientationLandscapeRight";
				LD_RUNPATH_SEARCH_PATHS = (
					"$(inherited)",
					"@executable_path/Frameworks",
				);
				MARKETING_VERSION = 1.0;
				PRODUCT_BUNDLE_IDENTIFIER = vk.com.south.russian.Thoughts;
				PRODUCT_NAME = "$(TARGET_NAME)";
				SWIFT_EMIT_LOC_STRINGS = YES;
				SWIFT_VERSION = 5.0;
				TARGETED_DEVICE_FAMILY = "1,2";
			};
			name = Debug;
		};
		5841D04A2AB1C08B00D21A2B /* Release */ = {
			isa = XCBuildConfiguration;
			baseConfigurationReference = 47524D85E1C1244FF95D92C1 /* Pods-Thoughts.release.xcconfig */;
			buildSettings = {
				ASSETCATALOG_COMPILER_APPICON_NAME = AppIcon;
				ASSETCATALOG_COMPILER_GLOBAL_ACCENT_COLOR_NAME = AccentColor;
				CODE_SIGN_STYLE = Automatic;
				CURRENT_PROJECT_VERSION = 1;
				DEVELOPMENT_TEAM = L5N89ZQYBM;
				GENERATE_INFOPLIST_FILE = YES;
				INFOPLIST_FILE = Thoughts/Info.plist;
				INFOPLIST_KEY_UIApplicationSupportsIndirectInputEvents = YES;
				INFOPLIST_KEY_UILaunchStoryboardName = LaunchScreen;
				INFOPLIST_KEY_UIMainStoryboardFile = Main;
				INFOPLIST_KEY_UISupportedInterfaceOrientations_iPad = "UIInterfaceOrientationPortrait UIInterfaceOrientationPortraitUpsideDown UIInterfaceOrientationLandscapeLeft UIInterfaceOrientationLandscapeRight";
				INFOPLIST_KEY_UISupportedInterfaceOrientations_iPhone = "UIInterfaceOrientationPortrait UIInterfaceOrientationLandscapeLeft UIInterfaceOrientationLandscapeRight";
				LD_RUNPATH_SEARCH_PATHS = (
					"$(inherited)",
					"@executable_path/Frameworks",
				);
				MARKETING_VERSION = 1.0;
				PRODUCT_BUNDLE_IDENTIFIER = vk.com.south.russian.Thoughts;
				PRODUCT_NAME = "$(TARGET_NAME)";
				SWIFT_EMIT_LOC_STRINGS = YES;
				SWIFT_VERSION = 5.0;
				TARGETED_DEVICE_FAMILY = "1,2";
			};
			name = Release;
		};
/* End XCBuildConfiguration section */

/* Begin XCConfigurationList section */
		5841D02F2AB1C08900D21A2B /* Build configuration list for PBXProject "Thoughts" */ = {
			isa = XCConfigurationList;
			buildConfigurations = (
				5841D0462AB1C08B00D21A2B /* Debug */,
				5841D0472AB1C08B00D21A2B /* Release */,
			);
			defaultConfigurationIsVisible = 0;
			defaultConfigurationName = Release;
		};
		5841D0482AB1C08B00D21A2B /* Build configuration list for PBXNativeTarget "Thoughts" */ = {
			isa = XCConfigurationList;
			buildConfigurations = (
				5841D0492AB1C08B00D21A2B /* Debug */,
				5841D04A2AB1C08B00D21A2B /* Release */,
			);
			defaultConfigurationIsVisible = 0;
			defaultConfigurationName = Release;
		};
/* End XCConfigurationList section */
	};
	rootObject = 5841D02C2AB1C08900D21A2B /* Project object */;
}
